{
  "version": "2",
  "remote": {
    "https://deno.land/std@0.140.0/_util/assert.ts": "e94f2eb37cebd7f199952e242c77654e43333c1ac4c5c700e929ea3aa5489f74",
    "https://deno.land/std@0.140.0/_util/os.ts": "3b4c6e27febd119d36a416d7a97bd3b0251b77c88942c8f16ee5953ea13e2e49",
    "https://deno.land/std@0.140.0/bytes/bytes_list.ts": "67eb118e0b7891d2f389dad4add35856f4ad5faab46318ff99653456c23b025d",
    "https://deno.land/std@0.140.0/bytes/equals.ts": "fc16dff2090cced02497f16483de123dfa91e591029f985029193dfaa9d894c9",
    "https://deno.land/std@0.140.0/bytes/mod.ts": "763f97d33051cc3f28af1a688dfe2830841192a9fea0cbaa55f927b49d49d0bf",
    "https://deno.land/std@0.140.0/fmt/colors.ts": "30455035d6d728394781c10755351742dd731e3db6771b1843f9b9e490104d37",
    "https://deno.land/std@0.140.0/fs/_util.ts": "0fb24eb4bfebc2c194fb1afdb42b9c3dda12e368f43e8f2321f84fc77d42cb0f",
    "https://deno.land/std@0.140.0/fs/ensure_dir.ts": "9dc109c27df4098b9fc12d949612ae5c9c7169507660dcf9ad90631833209d9d",
    "https://deno.land/std@0.140.0/io/buffer.ts": "bd0c4bf53db4b4be916ca5963e454bddfd3fcd45039041ea161dbf826817822b",
    "https://deno.land/std@0.140.0/path/_constants.ts": "df1db3ffa6dd6d1252cc9617e5d72165cd2483df90e93833e13580687b6083c3",
    "https://deno.land/std@0.140.0/path/_interface.ts": "ee3b431a336b80cf445441109d089b70d87d5e248f4f90ff906820889ecf8d09",
    "https://deno.land/std@0.140.0/path/_util.ts": "c1e9686d0164e29f7d880b2158971d805b6e0efc3110d0b3e24e4b8af2190d2b",
    "https://deno.land/std@0.140.0/path/common.ts": "bee563630abd2d97f99d83c96c2fa0cca7cee103e8cb4e7699ec4d5db7bd2633",
    "https://deno.land/std@0.140.0/path/glob.ts": "cb5255638de1048973c3e69e420c77dc04f75755524cb3b2e160fe9277d939ee",
    "https://deno.land/std@0.140.0/path/mod.ts": "d3e68d0abb393fb0bf94a6d07c46ec31dc755b544b13144dee931d8d5f06a52d",
    "https://deno.land/std@0.140.0/path/posix.ts": "293cdaec3ecccec0a9cc2b534302dfe308adb6f10861fa183275d6695faace44",
    "https://deno.land/std@0.140.0/path/separator.ts": "fe1816cb765a8068afb3e8f13ad272351c85cbc739af56dacfc7d93d710fe0f9",
    "https://deno.land/std@0.140.0/path/win32.ts": "31811536855e19ba37a999cd8d1b62078235548d67902ece4aa6b814596dd757",
    "https://deno.land/std@0.140.0/streams/conversion.ts": "712585bfa0172a97fb68dd46e784ae8ad59d11b88079d6a4ab098ff42e697d21",
    "https://deno.land/std@0.186.0/_util/asserts.ts": "178dfc49a464aee693a7e285567b3d0b555dc805ff490505a8aae34f9cfb1462",
    "https://deno.land/std@0.186.0/_util/os.ts": "d932f56d41e4f6a6093d56044e29ce637f8dcc43c5a90af43504a889cf1775e3",
    "https://deno.land/std@0.186.0/path/_constants.ts": "e49961f6f4f48039c0dfed3c3f93e963ca3d92791c9d478ac5b43183413136e0",
    "https://deno.land/std@0.186.0/path/_interface.ts": "6471159dfbbc357e03882c2266d21ef9afdb1e4aa771b0545e90db58a0ba314b",
    "https://deno.land/std@0.186.0/path/_util.ts": "d7abb1e0dea065f427b89156e28cdeb32b045870acdf865833ba808a73b576d0",
    "https://deno.land/std@0.186.0/path/common.ts": "ee7505ab01fd22de3963b64e46cff31f40de34f9f8de1fff6a1bd2fe79380000",
    "https://deno.land/std@0.186.0/path/glob.ts": "d479e0a695621c94d3fd7fe7abd4f9499caf32a8de13f25073451c6ef420a4e1",
    "https://deno.land/std@0.186.0/path/mod.ts": "ee161baec5ded6510ee1d1fb6a75a0f5e4b41f3f3301c92c716ecbdf7dae910d",
    "https://deno.land/std@0.186.0/path/posix.ts": "8b7c67ac338714b30c816079303d0285dd24af6b284f7ad63da5b27372a2c94d",
    "https://deno.land/std@0.186.0/path/separator.ts": "0fb679739d0d1d7bf45b68dacfb4ec7563597a902edbaf3c59b50d5bcadd93b1",
    "https://deno.land/std@0.186.0/path/win32.ts": "d186344e5583bcbf8b18af416d13d82b35a317116e6460a5a3953508c3de5bba",
    "https://deno.land/std@0.200.0/assert/assert.ts": "9a97dad6d98c238938e7540736b826440ad8c1c1e54430ca4c4e623e585607ee",
    "https://deno.land/std@0.200.0/assert/assertion_error.ts": "4d0bde9b374dfbcbe8ac23f54f567b77024fb67dbb1906a852d67fe050d42f56",
    "https://deno.land/std@0.200.0/flags/mod.ts": "a5ac18af6583404f21ea03771f8816669d901e0ff4374020870334d6f61d73d5",
    "https://deno.land/x/deno_cache@0.5.2/auth_tokens.ts": "5d1d56474c54a9d152e44d43ea17c2e6a398dd1e9682c69811a313567c01ee1e",
    "https://deno.land/x/deno_cache@0.5.2/cache.ts": "92ce8511e1e5c00fdf53a41619aa77d632ea8e0fc711324322e4d5ebf8133911",
    "https://deno.land/x/deno_cache@0.5.2/deno_dir.ts": "1ea355b8ba11c630d076b222b197cfc937dd81e5a4a260938997da99e8ff93a0",
    "https://deno.land/x/deno_cache@0.5.2/deps.ts": "26a75905652510b76e54b6d5ef3cf824d1062031e00782efcd768978419224e7",
    "https://deno.land/x/deno_cache@0.5.2/dirs.ts": "009c6f54e0b610914d6ce9f72f6f6ccfffd2d47a79a19061e0a9eb4253836069",
    "https://deno.land/x/deno_cache@0.5.2/disk_cache.ts": "66a1e604a8d564b6dd0500326cac33d08b561d331036bf7272def80f2f7952aa",
    "https://deno.land/x/deno_cache@0.5.2/file_fetcher.ts": "89616c50b6df73fb04e73d0b7cd99e5f2ed7967386913d65b9e8baa4238501f7",
    "https://deno.land/x/deno_cache@0.5.2/http_cache.ts": "407135eaf2802809ed373c230d57da7ef8dff923c4abf205410b9b99886491fd",
    "https://deno.land/x/deno_cache@0.5.2/lib/deno_cache_dir.generated.js": "18b6526d0c50791a73dd0eb894e99de1ac05ee79dcbd53298ff5b5b6b0757fe6",
    "https://deno.land/x/deno_cache@0.5.2/lib/snippets/deno_cache_dir-77bed54ace8005e0/fs.js": "cbe3a976ed63c72c7cb34ef845c27013033a3b11f9d8d3e2c4aa5dda2c0c7af6",
    "https://deno.land/x/deno_cache@0.5.2/mod.ts": "0b4d071ad095128bdc2b1bc6e5d2095222dcbae08287261690ee9757e6300db6",
    "https://deno.land/x/deno_cache@0.5.2/util.ts": "f3f5a0cfc60051f09162942fb0ee87a0e27b11a12aec4c22076e3006be4cc1e2",
    "https://deno.land/x/dir@1.5.1/data_local_dir/mod.ts": "91eb1c4bfadfbeda30171007bac6d85aadacd43224a5ed721bbe56bc64e9eb66",
    "https://deno.land/x/emit@0.27.0/_utils.ts": "98412edc7aa29e77d592b54fbad00bdec1b05d0c25eb772a5f8edc9813e08d88",
    "https://deno.land/x/emit@0.27.0/emit.generated.js": "6ca765a2a7a1c2dab97e747981e6a9fb98a5acd7a0aa78a003e596fdd0632480",
    "https://deno.land/x/emit@0.27.0/mod.ts": "817cb45fcd94d15a43de826161049eee89e3be4bcf06b3a2f60e8cf459e559f1",
    "https://deno.land/x/wasmbuild@0.14.1/cache.ts": "89eea5f3ce6035a1164b3e655c95f21300498920575ade23161421f5b01967f4",
    "https://deno.land/x/wasmbuild@0.14.1/loader.ts": "d98d195a715f823151cbc8baa3f32127337628379a02d9eb2a3c5902dbccfc02",
    "https://deno.land/x/zod@v3.22.2/ZodError.ts": "4de18ff525e75a0315f2c12066b77b5c2ae18c7c15ef7df7e165d63536fdf2ea",
    "https://deno.land/x/zod@v3.22.2/errors.ts": "5285922d2be9700cc0c70c95e4858952b07ae193aa0224be3cbd5cd5567eabef",
    "https://deno.land/x/zod@v3.22.2/external.ts": "a6cfbd61e9e097d5f42f8a7ed6f92f93f51ff927d29c9fbaec04f03cbce130fe",
    "https://deno.land/x/zod@v3.22.2/helpers/enumUtil.ts": "54efc393cc9860e687d8b81ff52e980def00fa67377ad0bf8b3104f8a5bf698c",
    "https://deno.land/x/zod@v3.22.2/helpers/errorUtil.ts": "7a77328240be7b847af6de9189963bd9f79cab32bbc61502a9db4fe6683e2ea7",
    "https://deno.land/x/zod@v3.22.2/helpers/parseUtil.ts": "f791e6e65a0340d85ad37d26cd7a3ba67126cd9957eac2b7163162155283abb1",
    "https://deno.land/x/zod@v3.22.2/helpers/partialUtil.ts": "998c2fe79795257d4d1cf10361e74492f3b7d852f61057c7c08ac0a46488b7e7",
    "https://deno.land/x/zod@v3.22.2/helpers/typeAliases.ts": "0fda31a063c6736fc3cf9090dd94865c811dfff4f3cb8707b932bf937c6f2c3e",
    "https://deno.land/x/zod@v3.22.2/helpers/util.ts": "8baf19b19b2fca8424380367b90364b32503b6b71780269a6e3e67700bb02774",
    "https://deno.land/x/zod@v3.22.2/index.ts": "d27aabd973613985574bc31f39e45cb5d856aa122ef094a9f38a463b8ef1a268",
    "https://deno.land/x/zod@v3.22.2/locales/en.ts": "a7a25cd23563ccb5e0eed214d9b31846305ddbcdb9c5c8f508b108943366ab4c",
    "https://deno.land/x/zod@v3.22.2/mod.ts": "64e55237cb4410e17d968cd08975566059f27638ebb0b86048031b987ba251c4",
    "https://deno.land/x/zod@v3.22.2/types.ts": "18cbe3d895f42977c43fa9411da214b06d0d682cf2f4c9dd26cc8c3737740d40",
    "https://esm.sh/acorn@8.10.0": "5a9f1025a7456b287d37cbb81f513de7f9e0b9cc9a2b48559f8906a86bc480a0",
    "https://esm.sh/es-iife@0.2.0": "d672d20f96373c450641ed69fe5636c745d59015d357a73a727f19c454e45f4c",
    "https://esm.sh/preact-render-to-string@5.1.19?deps=preact@10.17.1": "2e07d19b4d9edef70b5455131e2e3733c9f7bf238afb4fbb05c6d35cead8dea8",
    "https://esm.sh/preact-render-to-string@5.1.19?deps=preact@10.5.15": "7d5278532994d77130ee86b28d7d0305025debecf21620e29996c83ec309e8b5",
    "https://esm.sh/preact-render-to-string@6.2.1": "58876aaeb4ee239f22f87a360623a75da7893821ac83ad76d02d0e2cc3fd76ed",
    "https://esm.sh/preact-render-to-string@6.2.1?deps=preact@10.17.1": "19ffd254d1d8d0934ee7331e666b5c844ee3a850a72ae090b61a131170ffc4db",
    "https://esm.sh/preact@10.17.1": "d9d10d95cd047fd2c26bb68e760a87d3747fafc64a1e54049095682c69c7491a",
    "https://esm.sh/preact@10.17.1/jsx-runtime": "bd703f2946a838f2921f6a170bd00fe7589b469ee94d8250ee92ee8ac2a5b11c",
    "https://esm.sh/preact@10.5.15": "98c0d1cd8c351b5ee7edfde21ed8d7e6b1510a1b711282ebc43b80a97f9c4438",
    "https://esm.sh/preact@10.5.15/jsx-runtime": "d77ba5f96233daef3826d87c13f6c4ef20ca617a5c7006633ea0a65591926b37",
    "https://esm.sh/stable/preact@10.17.0/denonext/preact.mjs": "38d273934e973d9698e98f053e89c1233b1102baf9800ceef0e22781c2702395",
    "https://esm.sh/stable/preact@10.17.1/denonext/jsx-runtime.js": "0fa1261fdb2c1e2d75a528d82117726ac532e87b88f2b83e5a1cc50d9f9540c7",
    "https://esm.sh/stable/preact@10.17.1/denonext/preact.mjs": "0f2f159289b4502eea839f4b57cef910ad03d63213ac5301e6767326b060d8f6",
    "https://esm.sh/stable/preact@10.5.15/denonext/jsx-runtime.js": "2d46e5fd7e7139e629cdcd72fc86dd9a5822cc72853ec6d1898cb40086ebd6d4",
    "https://esm.sh/stable/preact@10.5.15/denonext/preact.mjs": "4e6645aa945a53e44eaa4d882f9f9b4e76c992875fad9ef5791784474a71a116",
    "https://esm.sh/v131/acorn@8.10.0/denonext/acorn.mjs": "e14fdd9d1767c50f8c9028ff085b2c669e0fbb0710317296a2cbf6094b49680c",
    "https://esm.sh/v131/camelcase@5.3.1/denonext/camelcase.mjs": "1c68fb9d3042302ee3a079bcbaffc63fd25d867a125b69a1c456d76c4b4691cf",
    "https://esm.sh/v131/es-iife@0.2.0/denonext/es-iife.mjs": "7bff022bc8b3ebdd859b5004ed074aa87854c8308be49f3c77f5674afc40c000",
    "https://esm.sh/v131/estree-walker@0.5.2/denonext/estree-walker.mjs": "43bdb891c268b011c0160f9cf66905a7a2270aacdccbd13c45d99a4ab2679c9c",
    "https://esm.sh/v131/estree-walker@0.6.1/denonext/estree-walker.mjs": "c4003fd9a003ca335acea2e540005868f293cf175cff64abd28e4b3253cfa6a6",
    "https://esm.sh/v131/is-reference@1.2.1/denonext/is-reference.mjs": "3405026f13938b2cfc735d527e6dd4574cf47f885fd2d1c93d8b335cae116b6f",
    "https://esm.sh/v131/magic-string@0.25.9/denonext/magic-string.mjs": "528ce94f18c722ff531fec11d69763ba4f627c4fd4f3f74e90313f3c07786a64",
    "https://esm.sh/v131/preact-render-to-string@5.1.19/X-ZC9wcmVhY3RAMTAuMTcuMQ/denonext/preact-render-to-string.mjs": "a4a2fad7819f08e138a7a36e99288dcb4b4c75b1bd5979bbc47f6aac07d94f48",
    "https://esm.sh/v131/preact-render-to-string@5.1.19/X-ZC9wcmVhY3RAMTAuNS4xNQ/denonext/preact-render-to-string.mjs": "3ce1bda513633d15cd313e97ab7eacba9bd50eb4dc95e41861056c6bae1bfac8",
    "https://esm.sh/v131/preact-render-to-string@6.2.1/X-ZC9wcmVhY3RAMTAuMTcuMQ/denonext/preact-render-to-string.mjs": "72732eaecb1247c305752031dbe479312ede8899f5915f3d1dbdfe686b74a3b2",
    "https://esm.sh/v131/preact-render-to-string@6.2.1/X-ZC9wcmVhY3RAMTAuMTcuMQ/denonext/src.js": "0ef2ace22e1edb82afd1f404ccc304451674c396dc784128c3535c88965cf0c0",
    "https://esm.sh/v131/preact-render-to-string@6.2.1/X-ZC9wcmVhY3RAMTAuMTcuMQ/src/index.js": "c015b1bc1868314d3fcb03b7ecd1a536575ccbc5f905a7ef8df3b9c9b33b9c8d",
    "https://esm.sh/v131/preact-render-to-string@6.2.1/denonext/preact-render-to-string.mjs": "be9e441d5ec1de8459cd9c4639703e00ec442036d81faf00706b69a3310fdd3c",
    "https://esm.sh/v131/rollup-pluginutils@2.8.2/denonext/rollup-pluginutils.mjs": "3b3382ac14734321d71a8af9d61b04b03fd8c1ec4390cd12fc3a29bbcaedde3b",
    "https://esm.sh/v131/sourcemap-codec@1.4.8/denonext/sourcemap-codec.mjs": "4fe24182fb99746cc4fe4092e0f78eca97819fe99b9b9c097ccdd86d07da3551"
  },
  "npm": {
    "specifiers": {
      "@types/node": "@types/node@18.16.19",
      "acorn@7": "acorn@7.4.1",
      "acorn@8.0.4": "acorn@8.0.4",
      "acorn@^8.0.4": "acorn@8.10.0",
      "es-iife@0.2.0": "es-iife@0.2.0",
      "es-iife@0.2.2": "es-iife@0.2.2"
    },
    "packages": {
      "@rollup/pluginutils@4.2.1": {
        "integrity": "sha512-iKnFXr7NkdZAIHiIWE+BX5ULi/ucVFYWD6TbAV+rZctiRTY2PL6tsIKhoIOaoskiWAkgu+VsbXgUVDNLHf+InQ==",
        "dependencies": {
          "estree-walker": "estree-walker@2.0.2",
          "picomatch": "picomatch@2.3.1"
        }
      },
      "@types/estree@1.0.1": {
        "integrity": "sha512-LG4opVs2ANWZ1TJoKc937iMmNstM/d0ae1vNbnBvBhqCSezgVUOzcLCqbI5elV8Vy6WKwKjaqR+zO9VKirBBCA==",
        "dependencies": {}
      },
      "@types/node@18.16.19": {
        "integrity": "sha512-IXl7o+R9iti9eBW4Wg2hx1xQDig183jj7YLn8F7udNceyfkbn1ZxmzZXuak20gR40D7pIkIY1kYGx5VIGbaHKA==",
        "dependencies": {}
      },
      "acorn@7.4.1": {
        "integrity": "sha512-nQyp0o1/mNdbTO1PO6kHkwSrmgZ0MT/jCCpNiwbUjGoRN4dlBhqJtoQuCnEOKzgTVwg0ZWiCoQy6SxMebQVh8A==",
        "dependencies": {}
      },
      "acorn@8.0.4": {
        "integrity": "sha512-XNP0PqF1XD19ZlLKvB7cMmnZswW4C/03pRHgirB30uSJTaS3A3V1/P4sS3HPvFmjoriPCJQs+JDSbm4bL1TxGQ==",
        "dependencies": {}
      },
      "acorn@8.10.0": {
        "integrity": "sha512-F0SAmZ8iUtS//m8DmCTA0jlh6TDKkHQyK6xc6V4KDTyZKA9dnvX9/3sRTVQrWm79glUAZbnmmNcdYwUIHWVybw==",
        "dependencies": {}
      },
      "camelcase@5.3.1": {
        "integrity": "sha512-L28STB170nwWS63UjtlEOE3dldQApaJXZkOI1uMFfzf3rRuPegHaHesyee+YxQ+W6SvRDQV6UrdOdRiR153wJg==",
        "dependencies": {}
      },
      "camelcase@6.3.0": {
        "integrity": "sha512-Gmy6FhYlCY7uOElZUSbxo2UCDH8owEk996gkbrpsgGtrJLM3J7jGxl9Ic7Qwwj4ivOE5AWZWRMecDdF7hqGjFA==",
        "dependencies": {}
      },
      "es-iife@0.2.0": {
        "integrity": "sha512-7WfZ3/picg2PENH0mpH+hIeBUru9fEiYTewfmvQ19pFDZKFKlkcmJT6G6G7PsrhHXapNpDU7L6/mUUFG43iWOA==",
        "dependencies": {
          "camelcase": "camelcase@5.3.1",
          "estree-walker": "estree-walker@0.5.2",
          "is-reference": "is-reference@1.2.1",
          "magic-string": "magic-string@0.25.9",
          "rollup-pluginutils": "rollup-pluginutils@2.8.2"
        }
      },
      "es-iife@0.2.2": {
        "integrity": "sha512-4TwowD4ZJKlwL/Ix3BClKBaWRyH28spveFP0hDfPya1cLFDXuqUKR23guHsEUYrmf/nOLaRaXckIWYc5Zdpaxw==",
        "dependencies": {
          "@rollup/pluginutils": "@rollup/pluginutils@4.2.1",
          "camelcase": "camelcase@6.3.0",
          "estree-walker": "estree-walker@2.0.2",
          "is-reference": "is-reference@1.2.1",
          "magic-string": "magic-string@0.25.9"
        }
      },
      "estree-walker@0.5.2": {
        "integrity": "sha512-XpCnW/AE10ws/kDAs37cngSkvgIR8aN3G0MS85m7dUpuK2EREo9VJ00uvw6Dg/hXEpfsE1I1TvJOJr+Z+TL+ig==",
        "dependencies": {}
      },
      "estree-walker@0.6.1": {
        "integrity": "sha512-SqmZANLWS0mnatqbSfRP5g8OXZC12Fgg1IwNtLsyHDzJizORW4khDfjPqJZsemPWBB2uqykUah5YpQ6epsqC/w==",
        "dependencies": {}
      },
      "estree-walker@2.0.2": {
        "integrity": "sha512-Rfkk/Mp/DL7JVje3u18FxFujQlTNR2q6QfMSMB7AvCBx91NGj/ba3kCfza0f6dVDbw7YlRf/nDrn7pQrCCyQ/w==",
        "dependencies": {}
      },
      "is-reference@1.2.1": {
        "integrity": "sha512-U82MsXXiFIrjCK4otLT+o2NA2Cd2g5MLoOVXUZjIOhLurrRxpEXzI8O0KZHr3IjLvlAH1kTPYSuqer5T9ZVBKQ==",
        "dependencies": {
          "@types/estree": "@types/estree@1.0.1"
        }
      },
      "magic-string@0.25.9": {
        "integrity": "sha512-RmF0AsMzgt25qzqqLc1+MbHmhdx0ojF2Fvs4XnOqz2ZOBXzzkEwc/dJQZCYHAn7v1jbVOjAZfK8msRn4BxO4VQ==",
        "dependencies": {
          "sourcemap-codec": "sourcemap-codec@1.4.8"
        }
      },
      "picomatch@2.3.1": {
        "integrity": "sha512-JU3teHTNjmE2VCGFzuY8EXzCDVwEqB2a8fsIvwaStHhAWJEeVd1o1QD80CU6+ZdEXXSLbSsuLwJjkCBWqRQUVA==",
        "dependencies": {}
      },
      "rollup-pluginutils@2.8.2": {
        "integrity": "sha512-EEp9NhnUkwY8aif6bxgovPHMoMoNr2FulJziTndpt5H9RdwC47GSGuII9XxpSdzVGM0GWrNPHV6ie1LTNJPaLQ==",
        "dependencies": {
          "estree-walker": "estree-walker@0.6.1"
        }
      },
      "sourcemap-codec@1.4.8": {
        "integrity": "sha512-9NykojV5Uih4lgo5So5dtw+f0JgJX30KCNI8gwhz2J9A15wD0Ml6tjHKwf6fTSa6fAdVBdZeNOs9eJ71qCk8vA==",
        "dependencies": {}
      }
    }
  }
}
